<Solution>
  <Project Path="GameStore.Api/GameStore.Api.csproj" />
  <Project Path="HospitalManagementAPI/HospitalManagementAPI.csproj" />
  <Project Path="JwtAuth/JwtAuth.csproj" />
  <Project Path="LibraryManagementAPI/LibraryManagementAPI.csproj" />
  <Project Path="Student Management API/Student Management API.csproj" />
  <Project Path="VideoGameCharacterApi/VideoGameCharacterApi.csproj" />
</Solution>